
Microsoft Visual Studio Solution File, Format Version 12.00
# Visual Studio 15
VisualStudioVersion = 15.0.27004.2005
MinimumVisualStudioVersion = 10.0.40219.1
Project("{FAE04EC0-301F-11D3-BF4B-00C04F79EFBC}") = "PrinterProgram", "PrinterProgram\PrinterProgram.csproj", "{46F0571B-B37E-424F-B3F9-762487E63838}"
EndProject
Global
	GlobalSection(SolutionConfigurationPlatforms) = preSolution
		Debug|Any CPU = Debug|Any CPU
		Release|Any CPU = Release|Any CPU
	EndGlobalSection
	GlobalSection(ProjectConfigurationPlatforms) = postSolution
		{46F0571B-B37E-424F-B3F9-762487E63838}.Debug|Any CPU.ActiveCfg = Debug|Any CPU
		{46F0571B-B37E-424F-B3F9-762487E63838}.Debug|Any CPU.Build.0 = Debug|Any CPU
		{46F0571B-B37E-424F-B3F9-762487E63838}.Release|Any CPU.ActiveCfg = Release|Any CPU
		{46F0571B-B37E-424F-B3F9-762487E63838}.Release|Any CPU.Build.0 = Release|Any CPU
	EndGlobalSection
	GlobalSection(SolutionProperties) = preSolution
		HideSolutionNode = FALSE
	EndGlobalSection
	GlobalSection(ExtensibilityGlobals) = postSolution
		SolutionGuid = {37437C6F-0F4E-4E7B-8887-465657E692F2}
	EndGlobalSection
EndGlobal
